// !$*UTF8*$!
{
	archiveVersion = 1;
	classes = {
	};
	objectVersion = 46;
	objects = {

/* Begin PBXBuildFile section */
		F92E9E3A1EC05A37000AABA7 /* AppDelegate.swift in Sources */ = {isa = PBXBuildFile; fileRef = F92E9E391EC05A37000AABA7 /* AppDelegate.swift */; };
		F92E9E3C1EC05A37000AABA7 /* ViewController.swift in Sources */ = {isa = PBXBuildFile; fileRef = F92E9E3B1EC05A37000AABA7 /* ViewController.swift */; };
		F92E9E3F1EC05A37000AABA7 /* Main.storyboard in Resources */ = {isa = PBXBuildFile; fileRef = F92E9E3D1EC05A37000AABA7 /* Main.storyboard */; };
		F92E9E411EC05A37000AABA7 /* Assets.xcassets in Resources */ = {isa = PBXBuildFile; fileRef = F92E9E401EC05A37000AABA7 /* Assets.xcassets */; };
		F92E9E441EC05A37000AABA7 /* LaunchScreen.storyboard in Resources */ = {isa = PBXBuildFile; fileRef = F92E9E421EC05A37000AABA7 /* LaunchScreen.storyboard */; };
		F92E9E4C1EC06689000AABA7 /* PlayersViewController.swift in Sources */ = {isa = PBXBuildFile; fileRef = F92E9E4B1EC06689000AABA7 /* PlayersViewController.swift */; };
		F92E9E4E1EC066B0000AABA7 /* Player.swift in Sources */ = {isa = PBXBuildFile; fileRef = F92E9E4D1EC066B0000AABA7 /* Player.swift */; };
		F92E9E501EC0677F000AABA7 /* SampleData.swift in Sources */ = {isa = PBXBuildFile; fileRef = F92E9E4F1EC0677F000AABA7 /* SampleData.swift */; };
		F92E9E521EC1B5A2000AABA7 /* PlayerCell.swift in Sources */ = {isa = PBXBuildFile; fileRef = F92E9E511EC1B5A2000AABA7 /* PlayerCell.swift */; };
/* End PBXBuildFile section */

/* Begin PBXFileReference section */
		F92E9E361EC05A37000AABA7 /* Ratings.app */ = {isa = PBXFileReference; explicitFileType = wrapper.application; includeInIndex = 0; path = Ratings.app; sourceTree = BUILT_PRODUCTS_DIR; };
		F92E9E391EC05A37000AABA7 /* AppDelegate.swift */ = {isa = PBXFileReference; lastKnownFileType = sourcecode.swift; path = AppDelegate.swift; sourceTree = "<group>"; };
		F92E9E3B1EC05A37000AABA7 /* ViewController.swift */ = {isa = PBXFileReference; lastKnownFileType = sourcecode.swift; path = ViewController.swift; sourceTree = "<group>"; };
		F92E9E3E1EC05A37000AABA7 /* Base */ = {isa = PBXFileReference; lastKnownFileType = file.storyboard; name = Base; path = Base.lproj/Main.storyboard; sourceTree = "<group>"; };
		F92E9E401EC05A37000AABA7 /* Assets.xcassets */ = {isa = PBXFileReference; lastKnownFileType = folder.assetcatalog; path = Assets.xcassets; sourceTree = "<group>"; };
		F92E9E431EC05A37000AABA7 /* Base */ = {isa = PBXFileReference; lastKnownFileType = file.storyboard; name = Base; path = Base.lproj/LaunchScreen.storyboard; sourceTree = "<group>"; };
		F92E9E451EC05A37000AABA7 /* Info.plist */ = {isa = PBXFileReference; lastKnownFileType = text.plist.xml; path = Info.plist; sourceTree = "<group>"; };
		F92E9E4B1EC06689000AABA7 /* PlayersViewController.swift */ = {isa = PBXFileReference; fileEncoding = 4; lastKnownFileType = sourcecode.swift; path = PlayersViewController.swift; sourceTree = "<group>"; };
		F92E9E4D1EC066B0000AABA7 /* Player.swift */ = {isa = PBXFileReference; fileEncoding = 4; lastKnownFileType = sourcecode.swift; path = Player.swift; sourceTree = "<group>"; };
		F92E9E4F1EC0677F000AABA7 /* SampleData.swift */ = {isa = PBXFileReference; fileEncoding = 4; lastKnownFileType = sourcecode.swift; path = SampleData.swift; sourceTree = "<group>"; };
		F92E9E511EC1B5A2000AABA7 /* PlayerCell.swift */ = {isa = PBXFileReference; fileEncoding = 4; lastKnownFileType = sourcecode.swift; path = PlayerCell.swift; sourceTree = "<group>"; };
/* End PBXFileReference section */

/* Begin PBXFrameworksBuildPhase section */
		F92E9E331EC05A37000AABA7 /* Frameworks */ = {
			isa = PBXFrameworksBuildPhase;
			buildActionMask = 2147483647;
			files = (
			);
			runOnlyForDeploymentPostprocessing = 0;
		};
/* End PBXFrameworksBuildPhase section */

/* Begin PBXGroup section */
		F92E9E2D1EC05A37000AABA7 = {
			isa = PBXGroup;
			children = (
				F92E9E381EC05A37000AABA7 /* Ratings */,
				F92E9E371EC05A37000AABA7 /* Products */,
			);
			sourceTree = "<group>";
		};
		F92E9E371EC05A37000AABA7 /* Products */ = {
			isa = PBXGroup;
			children = (
				F92E9E361EC05A37000AABA7 /* Ratings.app */,
			);
			name = Products;
			sourceTree = "<group>";
		};
		F92E9E381EC05A37000AABA7 /* Ratings */ = {
			isa = PBXGroup;
			children = (
				F92E9E391EC05A37000AABA7 /* AppDelegate.swift */,
				F92E9E3B1EC05A37000AABA7 /* ViewController.swift */,
				F92E9E4B1EC06689000AABA7 /* PlayersViewController.swift */,
				F92E9E511EC1B5A2000AABA7 /* PlayerCell.swift */,
				F92E9E4D1EC066B0000AABA7 /* Player.swift */,
				F92E9E4F1EC0677F000AABA7 /* SampleData.swift */,
				F92E9E3D1EC05A37000AABA7 /* Main.storyboard */,
				F92E9E401EC05A37000AABA7 /* Assets.xcassets */,
				F92E9E421EC05A37000AABA7 /* LaunchScreen.storyboard */,
				F92E9E451EC05A37000AABA7 /* Info.plist */,
			);
			path = Ratings;
			sourceTree = "<group>";
		};
/* End PBXGroup section */

/* Begin PBXNativeTarget section */
		F92E9E351EC05A37000AABA7 /* Ratings */ = {
			isa = PBXNativeTarget;
			buildConfigurationList = F92E9E481EC05A37000AABA7 /* Build configuration list for PBXNativeTarget "Ratings" */;
			buildPhases = (
				F92E9E321EC05A37000AABA7 /* Sources */,
				F92E9E331EC05A37000AABA7 /* Frameworks */,
				F92E9E341EC05A37000AABA7 /* Resources */,
			);
			buildRules = (
			);
			dependencies = (
			);
			name = Ratings;
			productName = Ratings;
			productReference = F92E9E361EC05A37000AABA7 /* Ratings.app */;
			productType = "com.apple.product-type.application";
		};
/* End PBXNativeTarget section */

/* Begin PBXProject section */
		F92E9E2E1EC05A37000AABA7 /* Project object */ = {
			isa = PBXProject;
			attributes = {
				LastSwiftUpdateCheck = 0830;
				LastUpgradeCheck = 0830;
				ORGANIZATIONNAME = "Ray Wenderlich";
				TargetAttributes = {
					F92E9E351EC05A37000AABA7 = {
						CreatedOnToolsVersion = 8.3.2;
						ProvisioningStyle = Automatic;
					};
				};
			};
			buildConfigurationList = F92E9E311EC05A37000AABA7 /* Build configuration list for PBXProject "Ratings" */;
			compatibilityVersion = "Xcode 3.2";
			developmentRegion = English;
			hasScannedForEncodings = 0;
			knownRegions = (
				en,
				Base,
			);
			mainGroup = F92E9E2D1EC05A37000AABA7;
			productRefGroup = F92E9E371EC05A37000AABA7 /* Products */;
			projectDirPath = "";
			projectRoot = "";
			targets = (
				F92E9E351EC05A37000AABA7 /* Ratings */,
			);
		};
/* End PBXProject section */

/* Begin PBXResourcesBuildPhase section */
		F92E9E341EC05A37000AABA7 /* Resources */ = {
			isa = PBXResourcesBuildPhase;
			buildActionMask = 2147483647;
			files = (
				F92E9E441EC05A37000AABA7 /* LaunchScreen.storyboard in Resources */,
				F92E9E411EC05A37000AABA7 /* Assets.xcassets in Resources */,
				F92E9E3F1EC05A37000AABA7 /* Main.storyboard in Resources */,
			);
			runOnlyForDeploymentPostprocessing = 0;
		};
/* End PBXResourcesBuildPhase section */

/* Begin PBXSourcesBuildPhase section */
		F92E9E321EC05A37000AABA7 /* Sources */ = {
			isa = PBXSourcesBuildPhase;
			buildActionMask = 2147483647;
			files = (
				F92E9E521EC1B5A2000AABA7 /* PlayerCell.swift in Sources */,
				F92E9E4E1EC066B0000AABA7 /* Player.swift in Sources */,
				F92E9E3C1EC05A37000AABA7 /* ViewController.swift in Sources */,
				F92E9E3A1EC05A37000AABA7 /* AppDelegate.swift in Sources */,
				F92E9E501EC0677F000AABA7 /* SampleData.swift in Sources */,
				F92E9E4C1EC06689000AABA7 /* PlayersViewController.swift in Sources */,
			);
			runOnlyForDeploymentPostprocessing = 0;
		};
/* End PBXSourcesBuildPhase section */

/* Begin PBXVariantGroup section */
		F92E9E3D1EC05A37000AABA7 /* Main.storyboard */ = {
			isa = PBXVariantGroup;
			children = (
				F92E9E3E1EC05A37000AABA7 /* Base */,
			);
			name = Main.storyboard;
			sourceTree = "<group>";
		};
		F92E9E421EC05A37000AABA7 /* LaunchScreen.storyboard */ = {
			isa = PBXVariantGroup;
			children = (
				F92E9E431EC05A37000AABA7 /* Base */,
			);
			name = LaunchScreen.storyboard;
			sourceTree = "<group>";
		};
/* End PBXVariantGroup section */

/* Begin XCBuildConfiguration section */
		F92E9E461EC05A37000AABA7 /* Debug */ = {
			isa = XCBuildConfiguration;
			buildSettings = {
				ALWAYS_SEARCH_USER_PATHS = NO;
				CLANG_ANALYZER_NONNULL = YES;
				CLANG_ANALYZER_NUMBER_OBJECT_CONVERSION = YES_AGGRESSIVE;
				CLANG_CXX_LANGUAGE_STANDARD = "gnu++0x";
				CLANG_CXX_LIBRARY = "libc++";
				CLANG_ENABLE_MODULES = YES;
				CLANG_ENABLE_OBJC_ARC = YES;
				CLANG_WARN_BOOL_CONVERSION = YES;
				CLANG_WARN_CONSTANT_CONVERSION = YES;
				CLANG_WARN_DIRECT_OBJC_ISA_USAGE = YES_ERROR;
				CLANG_WARN_DOCUMENTATION_COMMENTS = YES;
				CLANG_WARN_EMPTY_BODY = YES;
				CLANG_WARN_ENUM_CONVERSION = YES;
				CLANG_WARN_INFINITE_RECURSION = YES;
				CLANG_WARN_INT_CONVERSION = YES;
				CLANG_WARN_OBJC_ROOT_CLASS = YES_ERROR;
				CLANG_WARN_SUSPICIOUS_MOVE = YES;
				CLANG_WARN_UNREACHABLE_CODE = YES;
				CLANG_WARN__DUPLICATE_METHOD_MATCH = YES;
				"CODE_SIGN_IDENTITY[sdk=iphoneos*]" = "iPhone Developer";
				COPY_PHASE_STRIP = NO;
				DEBUG_INFORMATION_FORMAT = dwarf;
				ENABLE_STRICT_OBJC_MSGSEND = YES;
				ENABLE_TESTABILITY = YES;
				GCC_C_LANGUAGE_STANDARD = gnu99;
				GCC_DYNAMIC_NO_PIC = NO;
				GCC_NO_COMMON_BLOCKS = YES;
				GCC_OPTIMIZATION_LEVEL = 0;
				GCC_PREPROCESSOR_DEFINITIONS = (
					"DEBUG=1",
					"$(inherited)",
				);
				GCC_WARN_64_TO_32_BIT_CONVERSION = YES;
				GCC_WARN_ABOUT_RETURN_TYPE = YES_ERROR;
				GCC_WARN_UNDECLARED_SELECTOR = YES;
				GCC_WARN_UNINITIALIZED_AUTOS = YES_AGGRESSIVE;
				GCC_WARN_UNUSED_FUNCTION = YES;
				GCC_WARN_UNUSED_VARIABLE = YES;
				IPHONEOS_DEPLOYMENT_TARGET = 10.3;
				MTL_ENABLE_DEBUG_INFO = YES;
				ONLY_ACTIVE_ARCH = YES;
				SDKROOT = iphoneos;
				SWIFT_ACTIVE_COMPILATION_CONDITIONS = DEBUG;
				SWIFT_OPTIMIZATION_LEVEL = "-Onone";
			};
			name = Debug;
		};
		F92E9E471EC05A37000AABA7 /* Release */ = {
			isa = XCBuildConfiguration;
			buildSettings = {
				ALWAYS_SEARCH_USER_PATHS = NO;
				CLANG_ANALYZER_NONNULL = YES;
				CLANG_ANALYZER_NUMBER_OBJECT_CONVERSION = YES_AGGRESSIVE;
				CLANG_CXX_LANGUAGE_STANDARD = "gnu++0x";
				CLANG_CXX_LIBRARY = "libc++";
				CLANG_ENABLE_MODULES = YES;
				CLANG_ENABLE_OBJC_ARC = YES;
				CLANG_WARN_BOOL_CONVERSION = YES;
				CLANG_WARN_CONSTANT_CONVERSION = YES;
				CLANG_WARN_DIRECT_OBJC_ISA_USAGE = YES_ERROR;
				CLANG_WARN_DOCUMENTATION_COMMENTS = YES;
				CLANG_WARN_EMPTY_BODY = YES;
				CLANG_WARN_ENUM_CONVERSION = YES;
				CLANG_WARN_INFINITE_RECURSION = YES;
				CLANG_WARN_INT_CONVERSION = YES;
				CLANG_WARN_OBJC_ROOT_CLASS = YES_ERROR;
				CLANG_WARN_SUSPICIOUS_MOVE = YES;
				CLANG_WARN_UNREACHABLE_CODE = YES;
				CLANG_WARN__DUPLICATE_METHOD_MATCH = YES;
				"CODE_SIGN_IDENTITY[sdk=iphoneos*]" = "iPhone Developer";
				COPY_PHASE_STRIP = NO;
				DEBUG_INFORMATION_FORMAT = "dwarf-with-dsym";
				ENABLE_NS_ASSERTIONS = NO;
				ENABLE_STRICT_OBJC_MSGSEND = YES;
				GCC_C_LANGUAGE_STANDARD = gnu99;
				GCC_NO_COMMON_BLOCKS = YES;
				GCC_WARN_64_TO_32_BIT_CONVERSION = YES;
				GCC_WARN_ABOUT_RETURN_TYPE = YES_ERROR;
				GCC_WARN_UNDECLARED_SELECTOR = YES;
				GCC_WARN_UNINITIALIZED_AUTOS = YES_AGGRESSIVE;
				GCC_WARN_UNUSED_FUNCTION = YES;
				GCC_WARN_UNUSED_VARIABLE = YES;
				IPHONEOS_DEPLOYMENT_TARGET = 10.3;
				MTL_ENABLE_DEBUG_INFO = NO;
				SDKROOT = iphoneos;
				SWIFT_OPTIMIZATION_LEVEL = "-Owholemodule";
				VALIDATE_PRODUCT = YES;
			};
			name = Release;
		};
		F92E9E491EC05A37000AABA7 /* Debug */ = {
			isa = XCBuildConfiguration;
			buildSettings = {
				ASSETCATALOG_COMPILER_APPICON_NAME = AppIcon;
				INFOPLIST_FILE = Ratings/Info.plist;
				LD_RUNPATH_SEARCH_PATHS = "$(inherited) @executable_path/Frameworks";
				PRODUCT_BUNDLE_IDENTIFIER = razeware.Ratings;
				PRODUCT_NAME = "$(TARGET_NAME)";
				SWIFT_VERSION = 3.0;
			};
			name = Debug;
		};
		F92E9E4A1EC05A37000AABA7 /* Release */ = {
			isa = XCBuildConfiguration;
			buildSettings = {
				ASSETCATALOG_COMPILER_APPICON_NAME = AppIcon;
				INFOPLIST_FILE = Ratings/Info.plist;
				LD_RUNPATH_SEARCH_PATHS = "$(inherited) @executable_path/Frameworks";
				PRODUCT_BUNDLE_IDENTIFIER = razeware.Ratings;
				PRODUCT_NAME = "$(TARGET_NAME)";
				SWIFT_VERSION = 3.0;
			};
			name = Release;
		};
/* End XCBuildConfiguration section */

/* Begin XCConfigurationList section */
		F92E9E311EC05A37000AABA7 /* Build configuration list for PBXProject "Ratings" */ = {
			isa = XCConfigurationList;
			buildConfigurations = (
				F92E9E461EC05A37000AABA7 /* Debug */,
				F92E9E471EC05A37000AABA7 /* Release */,
			);
			defaultConfigurationIsVisible = 0;
			defaultConfigurationName = Release;
		};
		F92E9E481EC05A37000AABA7 /* Build configuration list for PBXNativeTarget "Ratings" */ = {
			isa = XCConfigurationList;
			buildConfigurations = (
				F92E9E491EC05A37000AABA7 /* Debug */,
				F92E9E4A1EC05A37000AABA7 /* Release */,
			);
			defaultConfigurationIsVisible = 0;
		};
/* End XCConfigurationList section */
	};
	rootObject = F92E9E2E1EC05A37000AABA7 /* Project object */;
}
